// !$*UTF8*$!
{
	archiveVersion = 1;
	classes = {
	};
	objectVersion = 50;
	objects = {

/* Begin PBXBuildFile section */
		400B7853229780B400FAFB9F /* AppDelegate.swift in Sources */ = {isa = PBXBuildFile; fileRef = 400B7852229780B400FAFB9F /* AppDelegate.swift */; };
		400B785A229780B600FAFB9F /* Assets.xcassets in Resources */ = {isa = PBXBuildFile; fileRef = 400B7859229780B600FAFB9F /* Assets.xcassets */; };
		400B785D229780B600FAFB9F /* LaunchScreen.storyboard in Resources */ = {isa = PBXBuildFile; fileRef = 400B785B229780B600FAFB9F /* LaunchScreen.storyboard */; };
		400B7868229780EB00FAFB9F /* ChatViewController.swift in Sources */ = {isa = PBXBuildFile; fileRef = 400B7866229780EB00FAFB9F /* ChatViewController.swift */; };
		400B7869229780EB00FAFB9F /* ChatViewController.xib in Resources */ = {isa = PBXBuildFile; fileRef = 400B7867229780EB00FAFB9F /* ChatViewController.xib */; };
		400B786C2297810100FAFB9F /* ChatTableViewCell.swift in Sources */ = {isa = PBXBuildFile; fileRef = 400B786A2297810100FAFB9F /* ChatTableViewCell.swift */; };
		400B786D2297810100FAFB9F /* ChatTableViewCell.xib in Resources */ = {isa = PBXBuildFile; fileRef = 400B786B2297810100FAFB9F /* ChatTableViewCell.xib */; };
		406E2F16229CE6F100E9EC2A /* CommingTableViewCell.swift in Sources */ = {isa = PBXBuildFile; fileRef = 406E2F14229CE6F100E9EC2A /* CommingTableViewCell.swift */; };
		406E2F17229CE6F100E9EC2A /* CommingTableViewCell.xib in Resources */ = {isa = PBXBuildFile; fileRef = 406E2F15229CE6F100E9EC2A /* CommingTableViewCell.xib */; };
/* End PBXBuildFile section */

/* Begin PBXFileReference section */
		400B784F229780B400FAFB9F /* DemoScreenChat.app */ = {isa = PBXFileReference; explicitFileType = wrapper.application; includeInIndex = 0; path = DemoScreenChat.app; sourceTree = BUILT_PRODUCTS_DIR; };
		400B7852229780B400FAFB9F /* AppDelegate.swift */ = {isa = PBXFileReference; lastKnownFileType = sourcecode.swift; path = AppDelegate.swift; sourceTree = "<group>"; };
		400B7859229780B600FAFB9F /* Assets.xcassets */ = {isa = PBXFileReference; lastKnownFileType = folder.assetcatalog; path = Assets.xcassets; sourceTree = "<group>"; };
		400B785C229780B600FAFB9F /* Base */ = {isa = PBXFileReference; lastKnownFileType = file.storyboard; name = Base; path = Base.lproj/LaunchScreen.storyboard; sourceTree = "<group>"; };
		400B785E229780B600FAFB9F /* Info.plist */ = {isa = PBXFileReference; lastKnownFileType = text.plist.xml; path = Info.plist; sourceTree = "<group>"; };
		400B7866229780EB00FAFB9F /* ChatViewController.swift */ = {isa = PBXFileReference; lastKnownFileType = sourcecode.swift; path = ChatViewController.swift; sourceTree = "<group>"; };
		400B7867229780EB00FAFB9F /* ChatViewController.xib */ = {isa = PBXFileReference; lastKnownFileType = file.xib; path = ChatViewController.xib; sourceTree = "<group>"; };
		400B786A2297810100FAFB9F /* ChatTableViewCell.swift */ = {isa = PBXFileReference; lastKnownFileType = sourcecode.swift; path = ChatTableViewCell.swift; sourceTree = "<group>"; };
		400B786B2297810100FAFB9F /* ChatTableViewCell.xib */ = {isa = PBXFileReference; lastKnownFileType = file.xib; path = ChatTableViewCell.xib; sourceTree = "<group>"; };
		406E2F14229CE6F100E9EC2A /* CommingTableViewCell.swift */ = {isa = PBXFileReference; lastKnownFileType = sourcecode.swift; path = CommingTableViewCell.swift; sourceTree = "<group>"; };
		406E2F15229CE6F100E9EC2A /* CommingTableViewCell.xib */ = {isa = PBXFileReference; lastKnownFileType = file.xib; path = CommingTableViewCell.xib; sourceTree = "<group>"; };
/* End PBXFileReference section */

/* Begin PBXFrameworksBuildPhase section */
		400B784C229780B400FAFB9F /* Frameworks */ = {
			isa = PBXFrameworksBuildPhase;
			buildActionMask = 2147483647;
			files = (
			);
			runOnlyForDeploymentPostprocessing = 0;
		};
/* End PBXFrameworksBuildPhase section */

/* Begin PBXGroup section */
		400B7846229780B400FAFB9F = {
			isa = PBXGroup;
			children = (
				400B7851229780B400FAFB9F /* DemoScreenChat */,
				400B7850229780B400FAFB9F /* Products */,
			);
			sourceTree = "<group>";
		};
		400B7850229780B400FAFB9F /* Products */ = {
			isa = PBXGroup;
			children = (
				400B784F229780B400FAFB9F /* DemoScreenChat.app */,
			);
			name = Products;
			sourceTree = "<group>";
		};
		400B7851229780B400FAFB9F /* DemoScreenChat */ = {
			isa = PBXGroup;
			children = (
				400B7865229780D100FAFB9F /* View Controller */,
				400B7864229780CA00FAFB9F /* Views */,
				400B7852229780B400FAFB9F /* AppDelegate.swift */,
				400B7859229780B600FAFB9F /* Assets.xcassets */,
				400B785B229780B600FAFB9F /* LaunchScreen.storyboard */,
				400B785E229780B600FAFB9F /* Info.plist */,
			);
			path = DemoScreenChat;
			sourceTree = "<group>";
		};
		400B7864229780CA00FAFB9F /* Views */ = {
			isa = PBXGroup;
			children = (
				400B786A2297810100FAFB9F /* ChatTableViewCell.swift */,
				400B786B2297810100FAFB9F /* ChatTableViewCell.xib */,
				406E2F14229CE6F100E9EC2A /* CommingTableViewCell.swift */,
				406E2F15229CE6F100E9EC2A /* CommingTableViewCell.xib */,
			);
			path = Views;
			sourceTree = "<group>";
		};
		400B7865229780D100FAFB9F /* View Controller */ = {
			isa = PBXGroup;
			children = (
				400B7866229780EB00FAFB9F /* ChatViewController.swift */,
				400B7867229780EB00FAFB9F /* ChatViewController.xib */,
			);
			path = "View Controller";
			sourceTree = "<group>";
		};
/* End PBXGroup section */

/* Begin PBXNativeTarget section */
		400B784E229780B400FAFB9F /* DemoScreenChat */ = {
			isa = PBXNativeTarget;
			buildConfigurationList = 400B7861229780B600FAFB9F /* Build configuration list for PBXNativeTarget "DemoScreenChat" */;
			buildPhases = (
				400B784B229780B400FAFB9F /* Sources */,
				400B784C229780B400FAFB9F /* Frameworks */,
				400B784D229780B400FAFB9F /* Resources */,
			);
			buildRules = (
			);
			dependencies = (
			);
			name = DemoScreenChat;
			productName = DemoScreenChat;
			productReference = 400B784F229780B400FAFB9F /* DemoScreenChat.app */;
			productType = "com.apple.product-type.application";
		};
/* End PBXNativeTarget section */

/* Begin PBXProject section */
		400B7847229780B400FAFB9F /* Project object */ = {
			isa = PBXProject;
			attributes = {
				LastSwiftUpdateCheck = 1010;
				LastUpgradeCheck = 1010;
				ORGANIZATIONNAME = MinhNV;
				TargetAttributes = {
					400B784E229780B400FAFB9F = {
						CreatedOnToolsVersion = 10.1;
					};
				};
			};
			buildConfigurationList = 400B784A229780B400FAFB9F /* Build configuration list for PBXProject "DemoScreenChat" */;
			compatibilityVersion = "Xcode 9.3";
			developmentRegion = en;
			hasScannedForEncodings = 0;
			knownRegions = (
				en,
				Base,
			);
			mainGroup = 400B7846229780B400FAFB9F;
			productRefGroup = 400B7850229780B400FAFB9F /* Products */;
			projectDirPath = "";
			projectRoot = "";
			targets = (
				400B784E229780B400FAFB9F /* DemoScreenChat */,
			);
		};
/* End PBXProject section */

/* Begin PBXResourcesBuildPhase section */
		400B784D229780B400FAFB9F /* Resources */ = {
			isa = PBXResourcesBuildPhase;
			buildActionMask = 2147483647;
			files = (
				400B785D229780B600FAFB9F /* LaunchScreen.storyboard in Resources */,
				400B785A229780B600FAFB9F /* Assets.xcassets in Resources */,
				406E2F17229CE6F100E9EC2A /* CommingTableViewCell.xib in Resources */,
				400B786D2297810100FAFB9F /* ChatTableViewCell.xib in Resources */,
				400B7869229780EB00FAFB9F /* ChatViewController.xib in Resources */,
			);
			runOnlyForDeploymentPostprocessing = 0;
		};
/* End PBXResourcesBuildPhase section */

/* Begin PBXSourcesBuildPhase section */
		400B784B229780B400FAFB9F /* Sources */ = {
			isa = PBXSourcesBuildPhase;
			buildActionMask = 2147483647;
			files = (
				400B786C2297810100FAFB9F /* ChatTableViewCell.swift in Sources */,
				400B7868229780EB00FAFB9F /* ChatViewController.swift in Sources */,
				406E2F16229CE6F100E9EC2A /* CommingTableViewCell.swift in Sources */,
				400B7853229780B400FAFB9F /* AppDelegate.swift in Sources */,
			);
			runOnlyForDeploymentPostprocessing = 0;
		};
/* End PBXSourcesBuildPhase section */

/* Begin PBXVariantGroup section */
		400B785B229780B600FAFB9F /* LaunchScreen.storyboard */ = {
			isa = PBXVariantGroup;
			children = (
				400B785C229780B600FAFB9F /* Base */,
			);
			name = LaunchScreen.storyboard;
			sourceTree = "<group>";
		};
/* End PBXVariantGroup section */

/* Begin XCBuildConfiguration section */
		400B785F229780B600FAFB9F /* Debug */ = {
			isa = XCBuildConfiguration;
			buildSettings = {
				ALWAYS_SEARCH_USER_PATHS = NO;
				CLANG_ANALYZER_NONNULL = YES;
				CLANG_ANALYZER_NUMBER_OBJECT_CONVERSION = YES_AGGRESSIVE;
				CLANG_CXX_LANGUAGE_STANDARD = "gnu++14";
				CLANG_CXX_LIBRARY = "libc++";
				CLANG_ENABLE_MODULES = YES;
				CLANG_ENABLE_OBJC_ARC = YES;
				CLANG_ENABLE_OBJC_WEAK = YES;
				CLANG_WARN_BLOCK_CAPTURE_AUTORELEASING = YES;
				CLANG_WARN_BOOL_CONVERSION = YES;
				CLANG_WARN_COMMA = YES;
				CLANG_WARN_CONSTANT_CONVERSION = YES;
				CLANG_WARN_DEPRECATED_OBJC_IMPLEMENTATIONS = YES;
				CLANG_WARN_DIRECT_OBJC_ISA_USAGE = YES_ERROR;
				CLANG_WARN_DOCUMENTATION_COMMENTS = YES;
				CLANG_WARN_EMPTY_BODY = YES;
				CLANG_WARN_ENUM_CONVERSION = YES;
				CLANG_WARN_INFINITE_RECURSION = YES;
				CLANG_WARN_INT_CONVERSION = YES;
				CLANG_WARN_NON_LITERAL_NULL_CONVERSION = YES;
				CLANG_WARN_OBJC_IMPLICIT_RETAIN_SELF = YES;
				CLANG_WARN_OBJC_LITERAL_CONVERSION = YES;
				CLANG_WARN_OBJC_ROOT_CLASS = YES_ERROR;
				CLANG_WARN_RANGE_LOOP_ANALYSIS = YES;
				CLANG_WARN_STRICT_PROTOTYPES = YES;
				CLANG_WARN_SUSPICIOUS_MOVE = YES;
				CLANG_WARN_UNGUARDED_AVAILABILITY = YES_AGGRESSIVE;
				CLANG_WARN_UNREACHABLE_CODE = YES;
				CLANG_WARN__DUPLICATE_METHOD_MATCH = YES;
				CODE_SIGN_IDENTITY = "iPhone Developer";
				COPY_PHASE_STRIP = NO;
				DEBUG_INFORMATION_FORMAT = dwarf;
				ENABLE_STRICT_OBJC_MSGSEND = YES;
				ENABLE_TESTABILITY = YES;
				GCC_C_LANGUAGE_STANDARD = gnu11;
				GCC_DYNAMIC_NO_PIC = NO;
				GCC_NO_COMMON_BLOCKS = YES;
				GCC_OPTIMIZATION_LEVEL = 0;
				GCC_PREPROCESSOR_DEFINITIONS = (
					"DEBUG=1",
					"$(inherited)",
				);
				GCC_WARN_64_TO_32_BIT_CONVERSION = YES;
				GCC_WARN_ABOUT_RETURN_TYPE = YES_ERROR;
				GCC_WARN_UNDECLARED_SELECTOR = YES;
				GCC_WARN_UNINITIALIZED_AUTOS = YES_AGGRESSIVE;
				GCC_WARN_UNUSED_FUNCTION = YES;
				GCC_WARN_UNUSED_VARIABLE = YES;
				IPHONEOS_DEPLOYMENT_TARGET = 12.1;
				MTL_ENABLE_DEBUG_INFO = INCLUDE_SOURCE;
				MTL_FAST_MATH = YES;
				ONLY_ACTIVE_ARCH = YES;
				SDKROOT = iphoneos;
				SWIFT_ACTIVE_COMPILATION_CONDITIONS = DEBUG;
				SWIFT_OPTIMIZATION_LEVEL = "-Onone";
			};
			name = Debug;
		};
		400B7860229780B600FAFB9F /* Release */ = {
			isa = XCBuildConfiguration;
			buildSettings = {
				ALWAYS_SEARCH_USER_PATHS = NO;
				CLANG_ANALYZER_NONNULL = YES;
				CLANG_ANALYZER_NUMBER_OBJECT_CONVERSION = YES_AGGRESSIVE;
				CLANG_CXX_LANGUAGE_STANDARD = "gnu++14";
				CLANG_CXX_LIBRARY = "libc++";
				CLANG_ENABLE_MODULES = YES;
				CLANG_ENABLE_OBJC_ARC = YES;
				CLANG_ENABLE_OBJC_WEAK = YES;
				CLANG_WARN_BLOCK_CAPTURE_AUTORELEASING = YES;
				CLANG_WARN_BOOL_CONVERSION = YES;
				CLANG_WARN_COMMA = YES;
				CLANG_WARN_CONSTANT_CONVERSION = YES;
				CLANG_WARN_DEPRECATED_OBJC_IMPLEMENTATIONS = YES;
				CLANG_WARN_DIRECT_OBJC_ISA_USAGE = YES_ERROR;
				CLANG_WARN_DOCUMENTATION_COMMENTS = YES;
				CLANG_WARN_EMPTY_BODY = YES;
				CLANG_WARN_ENUM_CONVERSION = YES;
				CLANG_WARN_INFINITE_RECURSION = YES;
				CLANG_WARN_INT_CONVERSION = YES;
				CLANG_WARN_NON_LITERAL_NULL_CONVERSION = YES;
				CLANG_WARN_OBJC_IMPLICIT_RETAIN_SELF = YES;
				CLANG_WARN_OBJC_LITERAL_CONVERSION = YES;
				CLANG_WARN_OBJC_ROOT_CLASS = YES_ERROR;
				CLANG_WARN_RANGE_LOOP_ANALYSIS = YES;
				CLANG_WARN_STRICT_PROTOTYPES = YES;
				CLANG_WARN_SUSPICIOUS_MOVE = YES;
				CLANG_WARN_UNGUARDED_AVAILABILITY = YES_AGGRESSIVE;
				CLANG_WARN_UNREACHABLE_CODE = YES;
				CLANG_WARN__DUPLICATE_METHOD_MATCH = YES;
				CODE_SIGN_IDENTITY = "iPhone Developer";
				COPY_PHASE_STRIP = NO;
				DEBUG_INFORMATION_FORMAT = "dwarf-with-dsym";
				ENABLE_NS_ASSERTIONS = NO;
				ENABLE_STRICT_OBJC_MSGSEND = YES;
				GCC_C_LANGUAGE_STANDARD = gnu11;
				GCC_NO_COMMON_BLOCKS = YES;
				GCC_WARN_64_TO_32_BIT_CONVERSION = YES;
				GCC_WARN_ABOUT_RETURN_TYPE = YES_ERROR;
				GCC_WARN_UNDECLARED_SELECTOR = YES;
				GCC_WARN_UNINITIALIZED_AUTOS = YES_AGGRESSIVE;
				GCC_WARN_UNUSED_FUNCTION = YES;
				GCC_WARN_UNUSED_VARIABLE = YES;
				IPHONEOS_DEPLOYMENT_TARGET = 12.1;
				MTL_ENABLE_DEBUG_INFO = NO;
				MTL_FAST_MATH = YES;
				SDKROOT = iphoneos;
				SWIFT_COMPILATION_MODE = wholemodule;
				SWIFT_OPTIMIZATION_LEVEL = "-O";
				VALIDATE_PRODUCT = YES;
			};
			name = Release;
		};
		400B7862229780B600FAFB9F /* Debug */ = {
			isa = XCBuildConfiguration;
			buildSettings = {
				ASSETCATALOG_COMPILER_APPICON_NAME = AppIcon;
				CODE_SIGN_STYLE = Automatic;
				INFOPLIST_FILE = DemoScreenChat/Info.plist;
				LD_RUNPATH_SEARCH_PATHS = (
					"$(inherited)",
					"@executable_path/Frameworks",
				);
				PRODUCT_BUNDLE_IDENTIFIER = com.minhnv.DemoScreenChat;
				PRODUCT_NAME = "$(TARGET_NAME)";
				SWIFT_VERSION = 4.2;
				TARGETED_DEVICE_FAMILY = "1,2";
			};
			name = Debug;
		};
		400B7863229780B600FAFB9F /* Release */ = {
			isa = XCBuildConfiguration;
			buildSettings = {
				ASSETCATALOG_COMPILER_APPICON_NAME = AppIcon;
				CODE_SIGN_STYLE = Automatic;
				INFOPLIST_FILE = DemoScreenChat/Info.plist;
				LD_RUNPATH_SEARCH_PATHS = (
					"$(inherited)",
					"@executable_path/Frameworks",
				);
				PRODUCT_BUNDLE_IDENTIFIER = com.minhnv.DemoScreenChat;
				PRODUCT_NAME = "$(TARGET_NAME)";
				SWIFT_VERSION = 4.2;
				TARGETED_DEVICE_FAMILY = "1,2";
			};
			name = Release;
		};
/* End XCBuildConfiguration section */

/* Begin XCConfigurationList section */
		400B784A229780B400FAFB9F /* Build configuration list for PBXProject "DemoScreenChat" */ = {
			isa = XCConfigurationList;
			buildConfigurations = (
				400B785F229780B600FAFB9F /* Debug */,
				400B7860229780B600FAFB9F /* Release */,
			);
			defaultConfigurationIsVisible = 0;
			defaultConfigurationName = Release;
		};
		400B7861229780B600FAFB9F /* Build configuration list for PBXNativeTarget "DemoScreenChat" */ = {
			isa = XCConfigurationList;
			buildConfigurations = (
				400B7862229780B600FAFB9F /* Debug */,
				400B7863229780B600FAFB9F /* Release */,
			);
			defaultConfigurationIsVisible = 0;
			defaultConfigurationName = Release;
		};
/* End XCConfigurationList section */
	};
	rootObject = 400B7847229780B400FAFB9F /* Project object */;
}
